
Microsoft Visual Studio Solution File, Format Version 12.00
# Visual Studio Version 17
VisualStudioVersion = 17.4.33205.214
MinimumVisualStudioVersion = 10.0.40219.1
Project("{FAE04EC0-301F-11D3-BF4B-00C04F79EFBC}") = "SampleEmailAPI", "SampleEmailAPI\SampleEmailAPI.csproj", "{933BEA8A-70FD-49CE-AAFB-78ECF340B328}"
EndProject
Global
	GlobalSection(SolutionConfigurationPlatforms) = preSolution
		Debug|Any CPU = Debug|Any CPU
		Release|Any CPU = Release|Any CPU
	EndGlobalSection
	GlobalSection(ProjectConfigurationPlatforms) = postSolution
		{933BEA8A-70FD-49CE-AAFB-78ECF340B328}.Debug|Any CPU.ActiveCfg = Debug|Any CPU
		{933BEA8A-70FD-49CE-AAFB-78ECF340B328}.Debug|Any CPU.Build.0 = Debug|Any CPU
		{933BEA8A-70FD-49CE-AAFB-78ECF340B328}.Release|Any CPU.ActiveCfg = Release|Any CPU
		{933BEA8A-70FD-49CE-AAFB-78ECF340B328}.Release|Any CPU.Build.0 = Release|Any CPU
	EndGlobalSection
	GlobalSection(SolutionProperties) = preSolution
		HideSolutionNode = FALSE
	EndGlobalSection
	GlobalSection(ExtensibilityGlobals) = postSolution
		SolutionGuid = {79749C8A-C25E-4130-B868-829BC581C8CD}
	EndGlobalSection
EndGlobal
